
Microsoft Visual Studio Solution File, Format Version 12.00
# Visual Studio Version 16
VisualStudioVersion = 16.0.31911.196
MinimumVisualStudioVersion = 10.0.40219.1
Project("{FAE04EC0-301F-11D3-BF4B-00C04F79EFBC}") = "WindowsFormsApp1", "WindowsFormsApp1.csproj", "{2486411A-48E6-4690-BF85-8CDE59D014C2}"
EndProject
Global
	GlobalSection(SolutionConfigurationPlatforms) = preSolution
		Debug|Any CPU = Debug|Any CPU
		Release|Any CPU = Release|Any CPU
	EndGlobalSection
	GlobalSection(ProjectConfigurationPlatforms) = postSolution
		{2486411A-48E6-4690-BF85-8CDE59D014C2}.Debug|Any CPU.ActiveCfg = Debug|Any CPU
		{2486411A-48E6-4690-BF85-8CDE59D014C2}.Debug|Any CPU.Build.0 = Debug|Any CPU
		{2486411A-48E6-4690-BF85-8CDE59D014C2}.Release|Any CPU.ActiveCfg = Release|Any CPU
		{2486411A-48E6-4690-BF85-8CDE59D014C2}.Release|Any CPU.Build.0 = Release|Any CPU
	EndGlobalSection
	GlobalSection(SolutionProperties) = preSolution
		HideSolutionNode = FALSE
	EndGlobalSection
	GlobalSection(ExtensibilityGlobals) = postSolution
		SolutionGuid = {83C63993-2F10-4CCB-BC81-520A3BB1AE3A}
	EndGlobalSection
EndGlobal
